// !$*UTF8*$!
{
	archiveVersion = 1;
	classes = {
	};
	objectVersion = 48;
	objects = {

/* Begin PBXBuildFile section */
		7D11245E1FAE452E00621F2F /* AppDelegate.swift in Sources */ = {isa = PBXBuildFile; fileRef = 7D11245D1FAE452E00621F2F /* AppDelegate.swift */; };
		7D1124601FAE452E00621F2F /* ViewController.swift in Sources */ = {isa = PBXBuildFile; fileRef = 7D11245F1FAE452E00621F2F /* ViewController.swift */; };
		7D1124631FAE452E00621F2F /* Main.storyboard in Resources */ = {isa = PBXBuildFile; fileRef = 7D1124611FAE452E00621F2F /* Main.storyboard */; };
		7D1124661FAE452E00621F2F /* InTouch_Mobile.xcdatamodeld in Sources */ = {isa = PBXBuildFile; fileRef = 7D1124641FAE452E00621F2F /* InTouch_Mobile.xcdatamodeld */; };
		7D1124681FAE452E00621F2F /* Assets.xcassets in Resources */ = {isa = PBXBuildFile; fileRef = 7D1124671FAE452E00621F2F /* Assets.xcassets */; };
		7D11246B1FAE452E00621F2F /* LaunchScreen.storyboard in Resources */ = {isa = PBXBuildFile; fileRef = 7D1124691FAE452E00621F2F /* LaunchScreen.storyboard */; };
		7D1124761FAE452E00621F2F /* InTouch_MobileTests.swift in Sources */ = {isa = PBXBuildFile; fileRef = 7D1124751FAE452E00621F2F /* InTouch_MobileTests.swift */; };
		7D1124811FAE452E00621F2F /* InTouch_MobileUITests.swift in Sources */ = {isa = PBXBuildFile; fileRef = 7D1124801FAE452E00621F2F /* InTouch_MobileUITests.swift */; };
/* End PBXBuildFile section */

/* Begin PBXContainerItemProxy section */
		7D1124721FAE452E00621F2F /* PBXContainerItemProxy */ = {
			isa = PBXContainerItemProxy;
			containerPortal = 7D1124521FAE452E00621F2F /* Project object */;
			proxyType = 1;
			remoteGlobalIDString = 7D1124591FAE452E00621F2F;
			remoteInfo = "InTouch Mobile";
		};
		7D11247D1FAE452E00621F2F /* PBXContainerItemProxy */ = {
			isa = PBXContainerItemProxy;
			containerPortal = 7D1124521FAE452E00621F2F /* Project object */;
			proxyType = 1;
			remoteGlobalIDString = 7D1124591FAE452E00621F2F;
			remoteInfo = "InTouch Mobile";
		};
/* End PBXContainerItemProxy section */

/* Begin PBXFileReference section */
		7D11245A1FAE452E00621F2F /* InTouch Mobile.app */ = {isa = PBXFileReference; explicitFileType = wrapper.application; includeInIndex = 0; path = "InTouch Mobile.app"; sourceTree = BUILT_PRODUCTS_DIR; };
		7D11245D1FAE452E00621F2F /* AppDelegate.swift */ = {isa = PBXFileReference; lastKnownFileType = sourcecode.swift; path = AppDelegate.swift; sourceTree = "<group>"; };
		7D11245F1FAE452E00621F2F /* ViewController.swift */ = {isa = PBXFileReference; lastKnownFileType = sourcecode.swift; path = ViewController.swift; sourceTree = "<group>"; };
		7D1124621FAE452E00621F2F /* Base */ = {isa = PBXFileReference; lastKnownFileType = file.storyboard; name = Base; path = Base.lproj/Main.storyboard; sourceTree = "<group>"; };
		7D1124651FAE452E00621F2F /* InTouch_Mobile.xcdatamodel */ = {isa = PBXFileReference; lastKnownFileType = wrapper.xcdatamodel; path = InTouch_Mobile.xcdatamodel; sourceTree = "<group>"; };
		7D1124671FAE452E00621F2F /* Assets.xcassets */ = {isa = PBXFileReference; lastKnownFileType = folder.assetcatalog; path = Assets.xcassets; sourceTree = "<group>"; };
		7D11246A1FAE452E00621F2F /* Base */ = {isa = PBXFileReference; lastKnownFileType = file.storyboard; name = Base; path = Base.lproj/LaunchScreen.storyboard; sourceTree = "<group>"; };
		7D11246C1FAE452E00621F2F /* Info.plist */ = {isa = PBXFileReference; lastKnownFileType = text.plist.xml; path = Info.plist; sourceTree = "<group>"; };
		7D1124711FAE452E00621F2F /* InTouch MobileTests.xctest */ = {isa = PBXFileReference; explicitFileType = wrapper.cfbundle; includeInIndex = 0; path = "InTouch MobileTests.xctest"; sourceTree = BUILT_PRODUCTS_DIR; };
		7D1124751FAE452E00621F2F /* InTouch_MobileTests.swift */ = {isa = PBXFileReference; lastKnownFileType = sourcecode.swift; path = InTouch_MobileTests.swift; sourceTree = "<group>"; };
		7D1124771FAE452E00621F2F /* Info.plist */ = {isa = PBXFileReference; lastKnownFileType = text.plist.xml; path = Info.plist; sourceTree = "<group>"; };
		7D11247C1FAE452E00621F2F /* InTouch MobileUITests.xctest */ = {isa = PBXFileReference; explicitFileType = wrapper.cfbundle; includeInIndex = 0; path = "InTouch MobileUITests.xctest"; sourceTree = BUILT_PRODUCTS_DIR; };
		7D1124801FAE452E00621F2F /* InTouch_MobileUITests.swift */ = {isa = PBXFileReference; lastKnownFileType = sourcecode.swift; path = InTouch_MobileUITests.swift; sourceTree = "<group>"; };
		7D1124821FAE452E00621F2F /* Info.plist */ = {isa = PBXFileReference; lastKnownFileType = text.plist.xml; path = Info.plist; sourceTree = "<group>"; };
/* End PBXFileReference section */

/* Begin PBXFrameworksBuildPhase section */
		7D1124571FAE452E00621F2F /* Frameworks */ = {
			isa = PBXFrameworksBuildPhase;
			buildActionMask = 2147483647;
			files = (
			);
			runOnlyForDeploymentPostprocessing = 0;
		};
		7D11246E1FAE452E00621F2F /* Frameworks */ = {
			isa = PBXFrameworksBuildPhase;
			buildActionMask = 2147483647;
			files = (
			);
			runOnlyForDeploymentPostprocessing = 0;
		};
		7D1124791FAE452E00621F2F /* Frameworks */ = {
			isa = PBXFrameworksBuildPhase;
			buildActionMask = 2147483647;
			files = (
			);
			runOnlyForDeploymentPostprocessing = 0;
		};
/* End PBXFrameworksBuildPhase section */

/* Begin PBXGroup section */
		7D1124511FAE452E00621F2F = {
			isa = PBXGroup;
			children = (
				7D11245C1FAE452E00621F2F /* InTouch Mobile */,
				7D1124741FAE452E00621F2F /* InTouch MobileTests */,
				7D11247F1FAE452E00621F2F /* InTouch MobileUITests */,
				7D11245B1FAE452E00621F2F /* Products */,
			);
			sourceTree = "<group>";
		};
		7D11245B1FAE452E00621F2F /* Products */ = {
			isa = PBXGroup;
			children = (
				7D11245A1FAE452E00621F2F /* InTouch Mobile.app */,
				7D1124711FAE452E00621F2F /* InTouch MobileTests.xctest */,
				7D11247C1FAE452E00621F2F /* InTouch MobileUITests.xctest */,
			);
			name = Products;
			sourceTree = "<group>";
		};
		7D11245C1FAE452E00621F2F /* InTouch Mobile */ = {
			isa = PBXGroup;
			children = (
				7D11245D1FAE452E00621F2F /* AppDelegate.swift */,
				7D11245F1FAE452E00621F2F /* ViewController.swift */,
				7D1124611FAE452E00621F2F /* Main.storyboard */,
				7D1124671FAE452E00621F2F /* Assets.xcassets */,
				7D1124691FAE452E00621F2F /* LaunchScreen.storyboard */,
				7D11246C1FAE452E00621F2F /* Info.plist */,
				7D1124641FAE452E00621F2F /* InTouch_Mobile.xcdatamodeld */,
			);
			path = "InTouch Mobile";
			sourceTree = "<group>";
		};
		7D1124741FAE452E00621F2F /* InTouch MobileTests */ = {
			isa = PBXGroup;
			children = (
				7D1124751FAE452E00621F2F /* InTouch_MobileTests.swift */,
				7D1124771FAE452E00621F2F /* Info.plist */,
			);
			path = "InTouch MobileTests";
			sourceTree = "<group>";
		};
		7D11247F1FAE452E00621F2F /* InTouch MobileUITests */ = {
			isa = PBXGroup;
			children = (
				7D1124801FAE452E00621F2F /* InTouch_MobileUITests.swift */,
				7D1124821FAE452E00621F2F /* Info.plist */,
			);
			path = "InTouch MobileUITests";
			sourceTree = "<group>";
		};
/* End PBXGroup section */

/* Begin PBXNativeTarget section */
		7D1124591FAE452E00621F2F /* InTouch Mobile */ = {
			isa = PBXNativeTarget;
			buildConfigurationList = 7D1124851FAE452E00621F2F /* Build configuration list for PBXNativeTarget "InTouch Mobile" */;
			buildPhases = (
				7D1124561FAE452E00621F2F /* Sources */,
				7D1124571FAE452E00621F2F /* Frameworks */,
				7D1124581FAE452E00621F2F /* Resources */,
			);
			buildRules = (
			);
			dependencies = (
			);
			name = "InTouch Mobile";
			productName = "InTouch Mobile";
			productReference = 7D11245A1FAE452E00621F2F /* InTouch Mobile.app */;
			productType = "com.apple.product-type.application";
		};
		7D1124701FAE452E00621F2F /* InTouch MobileTests */ = {
			isa = PBXNativeTarget;
			buildConfigurationList = 7D1124881FAE452E00621F2F /* Build configuration list for PBXNativeTarget "InTouch MobileTests" */;
			buildPhases = (
				7D11246D1FAE452E00621F2F /* Sources */,
				7D11246E1FAE452E00621F2F /* Frameworks */,
				7D11246F1FAE452E00621F2F /* Resources */,
			);
			buildRules = (
			);
			dependencies = (
				7D1124731FAE452E00621F2F /* PBXTargetDependency */,
			);
			name = "InTouch MobileTests";
			productName = "InTouch MobileTests";
			productReference = 7D1124711FAE452E00621F2F /* InTouch MobileTests.xctest */;
			productType = "com.apple.product-type.bundle.unit-test";
		};
		7D11247B1FAE452E00621F2F /* InTouch MobileUITests */ = {
			isa = PBXNativeTarget;
			buildConfigurationList = 7D11248B1FAE452E00621F2F /* Build configuration list for PBXNativeTarget "InTouch MobileUITests" */;
			buildPhases = (
				7D1124781FAE452E00621F2F /* Sources */,
				7D1124791FAE452E00621F2F /* Frameworks */,
				7D11247A1FAE452E00621F2F /* Resources */,
			);
			buildRules = (
			);
			dependencies = (
				7D11247E1FAE452E00621F2F /* PBXTargetDependency */,
			);
			name = "InTouch MobileUITests";
			productName = "InTouch MobileUITests";
			productReference = 7D11247C1FAE452E00621F2F /* InTouch MobileUITests.xctest */;
			productType = "com.apple.product-type.bundle.ui-testing";
		};
/* End PBXNativeTarget section */

/* Begin PBXProject section */
		7D1124521FAE452E00621F2F /* Project object */ = {
			isa = PBXProject;
			attributes = {
				LastSwiftUpdateCheck = 0900;
				LastUpgradeCheck = 0900;
				ORGANIZATIONNAME = Abilitree;
				TargetAttributes = {
					7D1124591FAE452E00621F2F = {
						CreatedOnToolsVersion = 9.0.1;
						ProvisioningStyle = Automatic;
					};
					7D1124701FAE452E00621F2F = {
						CreatedOnToolsVersion = 9.0.1;
						ProvisioningStyle = Automatic;
						TestTargetID = 7D1124591FAE452E00621F2F;
					};
					7D11247B1FAE452E00621F2F = {
						CreatedOnToolsVersion = 9.0.1;
						ProvisioningStyle = Automatic;
						TestTargetID = 7D1124591FAE452E00621F2F;
					};
				};
			};
			buildConfigurationList = 7D1124551FAE452E00621F2F /* Build configuration list for PBXProject "InTouch Mobile" */;
			compatibilityVersion = "Xcode 8.0";
			developmentRegion = en;
			hasScannedForEncodings = 0;
			knownRegions = (
				en,
				Base,
			);
			mainGroup = 7D1124511FAE452E00621F2F;
			productRefGroup = 7D11245B1FAE452E00621F2F /* Products */;
			projectDirPath = "";
			projectRoot = "";
			targets = (
				7D1124591FAE452E00621F2F /* InTouch Mobile */,
				7D1124701FAE452E00621F2F /* InTouch MobileTests */,
				7D11247B1FAE452E00621F2F /* InTouch MobileUITests */,
			);
		};
/* End PBXProject section */

/* Begin PBXResourcesBuildPhase section */
		7D1124581FAE452E00621F2F /* Resources */ = {
			isa = PBXResourcesBuildPhase;
			buildActionMask = 2147483647;
			files = (
				7D11246B1FAE452E00621F2F /* LaunchScreen.storyboard in Resources */,
				7D1124681FAE452E00621F2F /* Assets.xcassets in Resources */,
				7D1124631FAE452E00621F2F /* Main.storyboard in Resources */,
			);
			runOnlyForDeploymentPostprocessing = 0;
		};
		7D11246F1FAE452E00621F2F /* Resources */ = {
			isa = PBXResourcesBuildPhase;
			buildActionMask = 2147483647;
			files = (
			);
			runOnlyForDeploymentPostprocessing = 0;
		};
		7D11247A1FAE452E00621F2F /* Resources */ = {
			isa = PBXResourcesBuildPhase;
			buildActionMask = 2147483647;
			files = (
			);
			runOnlyForDeploymentPostprocessing = 0;
		};
/* End PBXResourcesBuildPhase section */

/* Begin PBXSourcesBuildPhase section */
		7D1124561FAE452E00621F2F /* Sources */ = {
			isa = PBXSourcesBuildPhase;
			buildActionMask = 2147483647;
			files = (
				7D1124661FAE452E00621F2F /* InTouch_Mobile.xcdatamodeld in Sources */,
				7D1124601FAE452E00621F2F /* ViewController.swift in Sources */,
				7D11245E1FAE452E00621F2F /* AppDelegate.swift in Sources */,
			);
			runOnlyForDeploymentPostprocessing = 0;
		};
		7D11246D1FAE452E00621F2F /* Sources */ = {
			isa = PBXSourcesBuildPhase;
			buildActionMask = 2147483647;
			files = (
				7D1124761FAE452E00621F2F /* InTouch_MobileTests.swift in Sources */,
			);
			runOnlyForDeploymentPostprocessing = 0;
		};
		7D1124781FAE452E00621F2F /* Sources */ = {
			isa = PBXSourcesBuildPhase;
			buildActionMask = 2147483647;
			files = (
				7D1124811FAE452E00621F2F /* InTouch_MobileUITests.swift in Sources */,
			);
			runOnlyForDeploymentPostprocessing = 0;
		};
/* End PBXSourcesBuildPhase section */

/* Begin PBXTargetDependency section */
		7D1124731FAE452E00621F2F /* PBXTargetDependency */ = {
			isa = PBXTargetDependency;
			target = 7D1124591FAE452E00621F2F /* InTouch Mobile */;
			targetProxy = 7D1124721FAE452E00621F2F /* PBXContainerItemProxy */;
		};
		7D11247E1FAE452E00621F2F /* PBXTargetDependency */ = {
			isa = PBXTargetDependency;
			target = 7D1124591FAE452E00621F2F /* InTouch Mobile */;
			targetProxy = 7D11247D1FAE452E00621F2F /* PBXContainerItemProxy */;
		};
/* End PBXTargetDependency section */

/* Begin PBXVariantGroup section */
		7D1124611FAE452E00621F2F /* Main.storyboard */ = {
			isa = PBXVariantGroup;
			children = (
				7D1124621FAE452E00621F2F /* Base */,
			);
			name = Main.storyboard;
			sourceTree = "<group>";
		};
		7D1124691FAE452E00621F2F /* LaunchScreen.storyboard */ = {
			isa = PBXVariantGroup;
			children = (
				7D11246A1FAE452E00621F2F /* Base */,
			);
			name = LaunchScreen.storyboard;
			sourceTree = "<group>";
		};
/* End PBXVariantGroup section */

/* Begin XCBuildConfiguration section */
		7D1124831FAE452E00621F2F /* Debug */ = {
			isa = XCBuildConfiguration;
			buildSettings = {
				ALWAYS_SEARCH_USER_PATHS = NO;
				CLANG_ANALYZER_NONNULL = YES;
				CLANG_ANALYZER_NUMBER_OBJECT_CONVERSION = YES_AGGRESSIVE;
				CLANG_CXX_LANGUAGE_STANDARD = "gnu++14";
				CLANG_CXX_LIBRARY = "libc++";
				CLANG_ENABLE_MODULES = YES;
				CLANG_ENABLE_OBJC_ARC = YES;
				CLANG_WARN_BLOCK_CAPTURE_AUTORELEASING = YES;
				CLANG_WARN_BOOL_CONVERSION = YES;
				CLANG_WARN_COMMA = YES;
				CLANG_WARN_CONSTANT_CONVERSION = YES;
				CLANG_WARN_DIRECT_OBJC_ISA_USAGE = YES_ERROR;
				CLANG_WARN_DOCUMENTATION_COMMENTS = YES;
				CLANG_WARN_EMPTY_BODY = YES;
				CLANG_WARN_ENUM_CONVERSION = YES;
				CLANG_WARN_INFINITE_RECURSION = YES;
				CLANG_WARN_INT_CONVERSION = YES;
				CLANG_WARN_NON_LITERAL_NULL_CONVERSION = YES;
				CLANG_WARN_OBJC_LITERAL_CONVERSION = YES;
				CLANG_WARN_OBJC_ROOT_CLASS = YES_ERROR;
				CLANG_WARN_RANGE_LOOP_ANALYSIS = YES;
				CLANG_WARN_STRICT_PROTOTYPES = YES;
				CLANG_WARN_SUSPICIOUS_MOVE = YES;
				CLANG_WARN_UNGUARDED_AVAILABILITY = YES_AGGRESSIVE;
				CLANG_WARN_UNREACHABLE_CODE = YES;
				CLANG_WARN__DUPLICATE_METHOD_MATCH = YES;
				CODE_SIGN_IDENTITY = "iPhone Developer";
				COPY_PHASE_STRIP = NO;
				DEBUG_INFORMATION_FORMAT = dwarf;
				ENABLE_STRICT_OBJC_MSGSEND = YES;
				ENABLE_TESTABILITY = YES;
				GCC_C_LANGUAGE_STANDARD = gnu11;
				GCC_DYNAMIC_NO_PIC = NO;
				GCC_NO_COMMON_BLOCKS = YES;
				GCC_OPTIMIZATION_LEVEL = 0;
				GCC_PREPROCESSOR_DEFINITIONS = (
					"DEBUG=1",
					"$(inherited)",
				);
				GCC_WARN_64_TO_32_BIT_CONVERSION = YES;
				GCC_WARN_ABOUT_RETURN_TYPE = YES_ERROR;
				GCC_WARN_UNDECLARED_SELECTOR = YES;
				GCC_WARN_UNINITIALIZED_AUTOS = YES_AGGRESSIVE;
				GCC_WARN_UNUSED_FUNCTION = YES;
				GCC_WARN_UNUSED_VARIABLE = YES;
				IPHONEOS_DEPLOYMENT_TARGET = 11.0;
				MTL_ENABLE_DEBUG_INFO = YES;
				ONLY_ACTIVE_ARCH = YES;
				SDKROOT = iphoneos;
				SWIFT_ACTIVE_COMPILATION_CONDITIONS = DEBUG;
				SWIFT_OPTIMIZATION_LEVEL = "-Onone";
			};
			name = Debug;
		};
		7D1124841FAE452E00621F2F /* Release */ = {
			isa = XCBuildConfiguration;
			buildSettings = {
				ALWAYS_SEARCH_USER_PATHS = NO;
				CLANG_ANALYZER_NONNULL = YES;
				CLANG_ANALYZER_NUMBER_OBJECT_CONVERSION = YES_AGGRESSIVE;
				CLANG_CXX_LANGUAGE_STANDARD = "gnu++14";
				CLANG_CXX_LIBRARY = "libc++";
				CLANG_ENABLE_MODULES = YES;
				CLANG_ENABLE_OBJC_ARC = YES;
				CLANG_WARN_BLOCK_CAPTURE_AUTORELEASING = YES;
				CLANG_WARN_BOOL_CONVERSION = YES;
				CLANG_WARN_COMMA = YES;
				CLANG_WARN_CONSTANT_CONVERSION = YES;
				CLANG_WARN_DIRECT_OBJC_ISA_USAGE = YES_ERROR;
				CLANG_WARN_DOCUMENTATION_COMMENTS = YES;
				CLANG_WARN_EMPTY_BODY = YES;
				CLANG_WARN_ENUM_CONVERSION = YES;
				CLANG_WARN_INFINITE_RECURSION = YES;
				CLANG_WARN_INT_CONVERSION = YES;
				CLANG_WARN_NON_LITERAL_NULL_CONVERSION = YES;
				CLANG_WARN_OBJC_LITERAL_CONVERSION = YES;
				CLANG_WARN_OBJC_ROOT_CLASS = YES_ERROR;
				CLANG_WARN_RANGE_LOOP_ANALYSIS = YES;
				CLANG_WARN_STRICT_PROTOTYPES = YES;
				CLANG_WARN_SUSPICIOUS_MOVE = YES;
				CLANG_WARN_UNGUARDED_AVAILABILITY = YES_AGGRESSIVE;
				CLANG_WARN_UNREACHABLE_CODE = YES;
				CLANG_WARN__DUPLICATE_METHOD_MATCH = YES;
				CODE_SIGN_IDENTITY = "iPhone Developer";
				COPY_PHASE_STRIP = NO;
				DEBUG_INFORMATION_FORMAT = "dwarf-with-dsym";
				ENABLE_NS_ASSERTIONS = NO;
				ENABLE_STRICT_OBJC_MSGSEND = YES;
				GCC_C_LANGUAGE_STANDARD = gnu11;
				GCC_NO_COMMON_BLOCKS = YES;
				GCC_WARN_64_TO_32_BIT_CONVERSION = YES;
				GCC_WARN_ABOUT_RETURN_TYPE = YES_ERROR;
				GCC_WARN_UNDECLARED_SELECTOR = YES;
				GCC_WARN_UNINITIALIZED_AUTOS = YES_AGGRESSIVE;
				GCC_WARN_UNUSED_FUNCTION = YES;
				GCC_WARN_UNUSED_VARIABLE = YES;
				IPHONEOS_DEPLOYMENT_TARGET = 11.0;
				MTL_ENABLE_DEBUG_INFO = NO;
				SDKROOT = iphoneos;
				SWIFT_OPTIMIZATION_LEVEL = "-Owholemodule";
				VALIDATE_PRODUCT = YES;
			};
			name = Release;
		};
		7D1124861FAE452E00621F2F /* Debug */ = {
			isa = XCBuildConfiguration;
			buildSettings = {
				ASSETCATALOG_COMPILER_APPICON_NAME = AppIcon;
				CODE_SIGN_STYLE = Automatic;
				INFOPLIST_FILE = "InTouch Mobile/Info.plist";
				LD_RUNPATH_SEARCH_PATHS = "$(inherited) @executable_path/Frameworks";
				PRODUCT_BUNDLE_IDENTIFIER = "com.abilitree.InTouch-Mobile";
				PRODUCT_NAME = "$(TARGET_NAME)";
				SWIFT_VERSION = 4.0;
				TARGETED_DEVICE_FAMILY = "1,2";
			};
			name = Debug;
		};
		7D1124871FAE452E00621F2F /* Release */ = {
			isa = XCBuildConfiguration;
			buildSettings = {
				ASSETCATALOG_COMPILER_APPICON_NAME = AppIcon;
				CODE_SIGN_STYLE = Automatic;
				INFOPLIST_FILE = "InTouch Mobile/Info.plist";
				LD_RUNPATH_SEARCH_PATHS = "$(inherited) @executable_path/Frameworks";
				PRODUCT_BUNDLE_IDENTIFIER = "com.abilitree.InTouch-Mobile";
				PRODUCT_NAME = "$(TARGET_NAME)";
				SWIFT_VERSION = 4.0;
				TARGETED_DEVICE_FAMILY = "1,2";
			};
			name = Release;
		};
		7D1124891FAE452E00621F2F /* Debug */ = {
			isa = XCBuildConfiguration;
			buildSettings = {
				ALWAYS_EMBED_SWIFT_STANDARD_LIBRARIES = YES;
				BUNDLE_LOADER = "$(TEST_HOST)";
				CODE_SIGN_STYLE = Automatic;
				INFOPLIST_FILE = "InTouch MobileTests/Info.plist";
				LD_RUNPATH_SEARCH_PATHS = "$(inherited) @executable_path/Frameworks @loader_path/Frameworks";
				PRODUCT_BUNDLE_IDENTIFIER = "com.abilitree.InTouch-MobileTests";
				PRODUCT_NAME = "$(TARGET_NAME)";
				SWIFT_VERSION = 4.0;
				TARGETED_DEVICE_FAMILY = "1,2";
				TEST_HOST = "$(BUILT_PRODUCTS_DIR)/InTouch Mobile.app/InTouch Mobile";
			};
			name = Debug;
		};
		7D11248A1FAE452E00621F2F /* Release */ = {
			isa = XCBuildConfiguration;
			buildSettings = {
				ALWAYS_EMBED_SWIFT_STANDARD_LIBRARIES = YES;
				BUNDLE_LOADER = "$(TEST_HOST)";
				CODE_SIGN_STYLE = Automatic;
				INFOPLIST_FILE = "InTouch MobileTests/Info.plist";
				LD_RUNPATH_SEARCH_PATHS = "$(inherited) @executable_path/Frameworks @loader_path/Frameworks";
				PRODUCT_BUNDLE_IDENTIFIER = "com.abilitree.InTouch-MobileTests";
				PRODUCT_NAME = "$(TARGET_NAME)";
				SWIFT_VERSION = 4.0;
				TARGETED_DEVICE_FAMILY = "1,2";
				TEST_HOST = "$(BUILT_PRODUCTS_DIR)/InTouch Mobile.app/InTouch Mobile";
			};
			name = Release;
		};
		7D11248C1FAE452E00621F2F /* Debug */ = {
			isa = XCBuildConfiguration;
			buildSettings = {
				ALWAYS_EMBED_SWIFT_STANDARD_LIBRARIES = YES;
				CODE_SIGN_STYLE = Automatic;
				INFOPLIST_FILE = "InTouch MobileUITests/Info.plist";
				LD_RUNPATH_SEARCH_PATHS = "$(inherited) @executable_path/Frameworks @loader_path/Frameworks";
				PRODUCT_BUNDLE_IDENTIFIER = "com.abilitree.InTouch-MobileUITests";
				PRODUCT_NAME = "$(TARGET_NAME)";
				SWIFT_VERSION = 4.0;
				TARGETED_DEVICE_FAMILY = "1,2";
				TEST_TARGET_NAME = "InTouch Mobile";
			};
			name = Debug;
		};
		7D11248D1FAE452E00621F2F /* Release */ = {
			isa = XCBuildConfiguration;
			buildSettings = {
				ALWAYS_EMBED_SWIFT_STANDARD_LIBRARIES = YES;
				CODE_SIGN_STYLE = Automatic;
				INFOPLIST_FILE = "InTouch MobileUITests/Info.plist";
				LD_RUNPATH_SEARCH_PATHS = "$(inherited) @executable_path/Frameworks @loader_path/Frameworks";
				PRODUCT_BUNDLE_IDENTIFIER = "com.abilitree.InTouch-MobileUITests";
				PRODUCT_NAME = "$(TARGET_NAME)";
				SWIFT_VERSION = 4.0;
				TARGETED_DEVICE_FAMILY = "1,2";
				TEST_TARGET_NAME = "InTouch Mobile";
			};
			name = Release;
		};
/* End XCBuildConfiguration section */

/* Begin XCConfigurationList section */
		7D1124551FAE452E00621F2F /* Build configuration list for PBXProject "InTouch Mobile" */ = {
			isa = XCConfigurationList;
			buildConfigurations = (
				7D1124831FAE452E00621F2F /* Debug */,
				7D1124841FAE452E00621F2F /* Release */,
			);
			defaultConfigurationIsVisible = 0;
			defaultConfigurationName = Release;
		};
		7D1124851FAE452E00621F2F /* Build configuration list for PBXNativeTarget "InTouch Mobile" */ = {
			isa = XCConfigurationList;
			buildConfigurations = (
				7D1124861FAE452E00621F2F /* Debug */,
				7D1124871FAE452E00621F2F /* Release */,
			);
			defaultConfigurationIsVisible = 0;
			defaultConfigurationName = Release;
		};
		7D1124881FAE452E00621F2F /* Build configuration list for PBXNativeTarget "InTouch MobileTests" */ = {
			isa = XCConfigurationList;
			buildConfigurations = (
				7D1124891FAE452E00621F2F /* Debug */,
				7D11248A1FAE452E00621F2F /* Release */,
			);
			defaultConfigurationIsVisible = 0;
			defaultConfigurationName = Release;
		};
		7D11248B1FAE452E00621F2F /* Build configuration list for PBXNativeTarget "InTouch MobileUITests" */ = {
			isa = XCConfigurationList;
			buildConfigurations = (
				7D11248C1FAE452E00621F2F /* Debug */,
				7D11248D1FAE452E00621F2F /* Release */,
			);
			defaultConfigurationIsVisible = 0;
			defaultConfigurationName = Release;
		};
/* End XCConfigurationList section */

/* Begin XCVersionGroup section */
		7D1124641FAE452E00621F2F /* InTouch_Mobile.xcdatamodeld */ = {
			isa = XCVersionGroup;
			children = (
				7D1124651FAE452E00621F2F /* InTouch_Mobile.xcdatamodel */,
			);
			currentVersion = 7D1124651FAE452E00621F2F /* InTouch_Mobile.xcdatamodel */;
			path = InTouch_Mobile.xcdatamodeld;
			sourceTree = "<group>";
			versionGroupType = wrapper.xcdatamodel;
		};
/* End XCVersionGroup section */
	};
	rootObject = 7D1124521FAE452E00621F2F /* Project object */;
}
